
Microsoft Visual Studio Solution File, Format Version 12.00
# Visual Studio 15
VisualStudioVersion = 15.0.27004.2010
MinimumVisualStudioVersion = 10.0.40219.1
Project("{FAE04EC0-301F-11D3-BF4B-00C04F79EFBC}") = "DumbTest", "DumbTest\DumbTest.csproj", "{8B0BAC23-9314-4432-AAB4-4005882F2FEE}"
EndProject
Global
	GlobalSection(SolutionConfigurationPlatforms) = preSolution
		Debug|Any CPU = Debug|Any CPU
		Release|Any CPU = Release|Any CPU
	EndGlobalSection
	GlobalSection(ProjectConfigurationPlatforms) = postSolution
		{8B0BAC23-9314-4432-AAB4-4005882F2FEE}.Debug|Any CPU.ActiveCfg = Debug|Any CPU
		{8B0BAC23-9314-4432-AAB4-4005882F2FEE}.Debug|Any CPU.Build.0 = Debug|Any CPU
		{8B0BAC23-9314-4432-AAB4-4005882F2FEE}.Release|Any CPU.ActiveCfg = Release|Any CPU
		{8B0BAC23-9314-4432-AAB4-4005882F2FEE}.Release|Any CPU.Build.0 = Release|Any CPU
	EndGlobalSection
	GlobalSection(SolutionProperties) = preSolution
		HideSolutionNode = FALSE
	EndGlobalSection
	GlobalSection(ExtensibilityGlobals) = postSolution
		SolutionGuid = {0DBC8801-4ED3-423F-8F94-4DB3D6C5FA56}
	EndGlobalSection
EndGlobal
